{
  "version": 4,
  "terraform_version": "0.14.5",
  "serial": 55,
  "lineage": "4e0cbfd3-c934-2946-79ba-9dd70b776034",
  "outputs": {},
  "resources": [
    {
      "mode": "managed",
      "type": "azurerm_mssql_virtual_machine",
      "name": "mssql_vm",
      "provider": "provider[\"registry.terraform.io/hashicorp/azurerm\"]",
      "instances": []
    },
    {
      "mode": "managed",
      "type": "azurerm_network_interface",
      "name": "NIC",
      "provider": "provider[\"registry.terraform.io/hashicorp/azurerm\"]",
      "instances": [
        {
          "schema_version": 0,
          "attributes": {
            "applied_dns_servers": [],
            "dns_servers": [],
            "enable_accelerated_networking": false,
            "enable_ip_forwarding": false,
            "id": "/subscriptions/c90e3d0d-7080-4628-b93b-0107fa7a76e7/resourceGroups/CMC-ECA01-PREP-csql-rg/providers/Microsoft.Network/networkInterfaces/CMC-ECA01-PREP-NIC",
            "internal_dns_name_label": "",
            "internal_domain_name_suffix": "fdhf4mnhtuzubltnlqevy4qhqg.bx.internal.cloudapp.net",
            "ip_configuration": [
              {
                "name": "ipconfiguration",
                "primary": true,
                "private_ip_address": "10.2.0.4",
                "private_ip_address_allocation": "Dynamic",
                "private_ip_address_version": "IPv4",
                "public_ip_address_id": "/subscriptions/c90e3d0d-7080-4628-b93b-0107fa7a76e7/resourceGroups/CMC-ECA01-PREP-csql-rg/providers/Microsoft.Network/publicIPAddresses/CMC-ECA01-PREP-Publicip",
                "subnet_id": "/subscriptions/c90e3d0d-7080-4628-b93b-0107fa7a76e7/resourceGroups/CMC-ECA01-PREP-csql-rg/providers/Microsoft.Network/virtualNetworks/CMC-ECA01-PREP-VNET/subnets/CMC-ECA01-PREP-SNET"
              }
            ],
            "location": "eastus",
            "mac_address": "",
            "name": "CMC-ECA01-PREP-NIC",
            "private_ip_address": "10.2.0.4",
            "private_ip_addresses": [
              "10.2.0.4"
            ],
            "resource_group_name": "CMC-ECA01-PREP-csql-rg",
            "tags": null,
            "timeouts": null,
            "virtual_machine_id": ""
          },
          "sensitive_attributes": [],
          "private": "eyJlMmJmYjczMC1lY2FhLTExZTYtOGY4OC0zNDM2M2JjN2M0YzAiOnsiY3JlYXRlIjoxODAwMDAwMDAwMDAwLCJkZWxldGUiOjE4MDAwMDAwMDAwMDAsInJlYWQiOjMwMDAwMDAwMDAwMCwidXBkYXRlIjoxODAwMDAwMDAwMDAwfX0=",
          "dependencies": [
            "azurerm_public_ip.publicip",
            "azurerm_resource_group.rg",
            "azurerm_subnet.subnet",
            "azurerm_virtual_network.vnet"
          ]
        }
      ]
    },
    {
      "mode": "managed",
      "type": "azurerm_network_interface_security_group_association",
      "name": "nicass",
      "provider": "provider[\"registry.terraform.io/hashicorp/azurerm\"]",
      "instances": [
        {
          "schema_version": 0,
          "attributes": {
            "id": "/subscriptions/c90e3d0d-7080-4628-b93b-0107fa7a76e7/resourceGroups/CMC-ECA01-PREP-csql-rg/providers/Microsoft.Network/networkInterfaces/CMC-ECA01-PREP-NIC|/subscriptions/c90e3d0d-7080-4628-b93b-0107fa7a76e7/resourceGroups/CMC-ECA01-PREP-csql-rg/providers/Microsoft.Network/networkSecurityGroups/CMC-ECA01-PREP-NSG",
            "network_interface_id": "/subscriptions/c90e3d0d-7080-4628-b93b-0107fa7a76e7/resourceGroups/CMC-ECA01-PREP-csql-rg/providers/Microsoft.Network/networkInterfaces/CMC-ECA01-PREP-NIC",
            "network_security_group_id": "/subscriptions/c90e3d0d-7080-4628-b93b-0107fa7a76e7/resourceGroups/CMC-ECA01-PREP-csql-rg/providers/Microsoft.Network/networkSecurityGroups/CMC-ECA01-PREP-NSG",
            "timeouts": null
          },
          "sensitive_attributes": [],
          "private": "eyJlMmJmYjczMC1lY2FhLTExZTYtOGY4OC0zNDM2M2JjN2M0YzAiOnsiY3JlYXRlIjoxODAwMDAwMDAwMDAwLCJkZWxldGUiOjE4MDAwMDAwMDAwMDAsInJlYWQiOjMwMDAwMDAwMDAwMCwidXBkYXRlIjoxODAwMDAwMDAwMDAwfX0=",
          "dependencies": [
            "azurerm_network_interface.NIC",
            "azurerm_network_security_group.nsg",
            "azurerm_public_ip.publicip",
            "azurerm_resource_group.rg",
            "azurerm_subnet.subnet",
            "azurerm_virtual_network.vnet"
          ]
        }
      ]
    },
    {
      "mode": "managed",
      "type": "azurerm_network_security_group",
      "name": "nsg",
      "provider": "provider[\"registry.terraform.io/hashicorp/azurerm\"]",
      "instances": [
        {
          "schema_version": 0,
          "attributes": {
            "id": "/subscriptions/c90e3d0d-7080-4628-b93b-0107fa7a76e7/resourceGroups/CMC-ECA01-PREP-csql-rg/providers/Microsoft.Network/networkSecurityGroups/CMC-ECA01-PREP-NSG",
            "location": "eastus",
            "name": "CMC-ECA01-PREP-NSG",
            "resource_group_name": "CMC-ECA01-PREP-csql-rg",
            "security_rule": [],
            "tags": null,
            "timeouts": null
          },
          "sensitive_attributes": [],
          "private": "eyJlMmJmYjczMC1lY2FhLTExZTYtOGY4OC0zNDM2M2JjN2M0YzAiOnsiY3JlYXRlIjoxODAwMDAwMDAwMDAwLCJkZWxldGUiOjE4MDAwMDAwMDAwMDAsInJlYWQiOjMwMDAwMDAwMDAwMCwidXBkYXRlIjoxODAwMDAwMDAwMDAwfX0=",
          "dependencies": [
            "azurerm_resource_group.rg"
          ]
        }
      ]
    },
    {
      "mode": "managed",
      "type": "azurerm_network_security_rule",
      "name": "MSSQLRule",
      "provider": "provider[\"registry.terraform.io/hashicorp/azurerm\"]",
      "instances": [
        {
          "schema_version": 0,
          "attributes": {
            "access": "Allow",
            "description": "",
            "destination_address_prefix": "*",
            "destination_address_prefixes": null,
            "destination_application_security_group_ids": null,
            "destination_port_range": "1433",
            "destination_port_ranges": null,
            "direction": "Inbound",
            "id": "/subscriptions/c90e3d0d-7080-4628-b93b-0107fa7a76e7/resourceGroups/CMC-ECA01-PREP-csql-rg/providers/Microsoft.Network/networkSecurityGroups/CMC-ECA01-PREP-NSG/securityRules/MSSQLRule",
            "name": "MSSQLRule",
            "network_security_group_name": "CMC-ECA01-PREP-NSG",
            "priority": 1001,
            "protocol": "Tcp",
            "resource_group_name": "CMC-ECA01-PREP-csql-rg",
            "source_address_prefix": "167.220.255.0/25",
            "source_address_prefixes": null,
            "source_application_security_group_ids": null,
            "source_port_range": "*",
            "source_port_ranges": null,
            "timeouts": null
          },
          "sensitive_attributes": [],
          "private": "eyJlMmJmYjczMC1lY2FhLTExZTYtOGY4OC0zNDM2M2JjN2M0YzAiOnsiY3JlYXRlIjoxODAwMDAwMDAwMDAwLCJkZWxldGUiOjE4MDAwMDAwMDAwMDAsInJlYWQiOjMwMDAwMDAwMDAwMCwidXBkYXRlIjoxODAwMDAwMDAwMDAwfX0=",
          "dependencies": [
            "azurerm_network_security_group.nsg",
            "azurerm_resource_group.rg"
          ]
        }
      ]
    },
    {
      "mode": "managed",
      "type": "azurerm_network_security_rule",
      "name": "RDPRule",
      "provider": "provider[\"registry.terraform.io/hashicorp/azurerm\"]",
      "instances": [
        {
          "schema_version": 0,
          "attributes": {
            "access": "Allow",
            "description": "",
            "destination_address_prefix": "*",
            "destination_address_prefixes": null,
            "destination_application_security_group_ids": null,
            "destination_port_range": "3389",
            "destination_port_ranges": null,
            "direction": "Inbound",
            "id": "/subscriptions/c90e3d0d-7080-4628-b93b-0107fa7a76e7/resourceGroups/CMC-ECA01-PREP-csql-rg/providers/Microsoft.Network/networkSecurityGroups/CMC-ECA01-PREP-NSG/securityRules/RDPRule",
            "name": "RDPRule",
            "network_security_group_name": "CMC-ECA01-PREP-NSG",
            "priority": 1000,
            "protocol": "Tcp",
            "resource_group_name": "CMC-ECA01-PREP-csql-rg",
            "source_address_prefix": "167.220.255.0/25",
            "source_address_prefixes": null,
            "source_application_security_group_ids": null,
            "source_port_range": "*",
            "source_port_ranges": null,
            "timeouts": null
          },
          "sensitive_attributes": [],
          "private": "eyJlMmJmYjczMC1lY2FhLTExZTYtOGY4OC0zNDM2M2JjN2M0YzAiOnsiY3JlYXRlIjoxODAwMDAwMDAwMDAwLCJkZWxldGUiOjE4MDAwMDAwMDAwMDAsInJlYWQiOjMwMDAwMDAwMDAwMCwidXBkYXRlIjoxODAwMDAwMDAwMDAwfX0=",
          "dependencies": [
            "azurerm_network_security_group.nsg",
            "azurerm_resource_group.rg"
          ]
        }
      ]
    },
    {
      "mode": "managed",
      "type": "azurerm_public_ip",
      "name": "publicip",
      "provider": "provider[\"registry.terraform.io/hashicorp/azurerm\"]",
      "instances": [
        {
          "schema_version": 0,
          "attributes": {
            "allocation_method": "Dynamic",
            "domain_name_label": null,
            "fqdn": null,
            "id": "/subscriptions/c90e3d0d-7080-4628-b93b-0107fa7a76e7/resourceGroups/CMC-ECA01-PREP-csql-rg/providers/Microsoft.Network/publicIPAddresses/CMC-ECA01-PREP-Publicip",
            "idle_timeout_in_minutes": 4,
            "ip_address": "",
            "ip_version": "IPv4",
            "location": "eastus",
            "name": "CMC-ECA01-PREP-Publicip",
            "public_ip_prefix_id": null,
            "resource_group_name": "CMC-ECA01-PREP-csql-rg",
            "reverse_fqdn": null,
            "sku": "Basic",
            "tags": null,
            "timeouts": null,
            "zones": null
          },
          "sensitive_attributes": [],
          "private": "eyJlMmJmYjczMC1lY2FhLTExZTYtOGY4OC0zNDM2M2JjN2M0YzAiOnsiY3JlYXRlIjoxODAwMDAwMDAwMDAwLCJkZWxldGUiOjE4MDAwMDAwMDAwMDAsInJlYWQiOjMwMDAwMDAwMDAwMCwidXBkYXRlIjoxODAwMDAwMDAwMDAwfX0=",
          "dependencies": [
            "azurerm_resource_group.rg"
          ]
        }
      ]
    },
    {
      "mode": "managed",
      "type": "azurerm_resource_group",
      "name": "rg",
      "provider": "provider[\"registry.terraform.io/hashicorp/azurerm\"]",
      "instances": [
        {
          "schema_version": 0,
          "attributes": {
            "id": "/subscriptions/c90e3d0d-7080-4628-b93b-0107fa7a76e7/resourceGroups/CMC-ECA01-PREP-csql-rg",
            "location": "eastus",
            "name": "CMC-ECA01-PREP-csql-rg",
            "tags": null,
            "timeouts": null
          },
          "sensitive_attributes": [],
          "private": "eyJlMmJmYjczMC1lY2FhLTExZTYtOGY4OC0zNDM2M2JjN2M0YzAiOnsiY3JlYXRlIjo1NDAwMDAwMDAwMDAwLCJkZWxldGUiOjU0MDAwMDAwMDAwMDAsInJlYWQiOjMwMDAwMDAwMDAwMCwidXBkYXRlIjo1NDAwMDAwMDAwMDAwfX0="
        }
      ]
    },
    {
      "mode": "managed",
      "type": "azurerm_subnet",
      "name": "subnet",
      "provider": "provider[\"registry.terraform.io/hashicorp/azurerm\"]",
      "instances": [
        {
          "schema_version": 0,
          "attributes": {
            "address_prefix": "10.2.0.0/16",
            "address_prefixes": [
              "10.2.0.0/16"
            ],
            "delegation": [],
            "enforce_private_link_endpoint_network_policies": false,
            "enforce_private_link_service_network_policies": false,
            "id": "/subscriptions/c90e3d0d-7080-4628-b93b-0107fa7a76e7/resourceGroups/CMC-ECA01-PREP-csql-rg/providers/Microsoft.Network/virtualNetworks/CMC-ECA01-PREP-VNET/subnets/CMC-ECA01-PREP-SNET",
            "name": "CMC-ECA01-PREP-SNET",
            "resource_group_name": "CMC-ECA01-PREP-csql-rg",
            "service_endpoint_policy_ids": null,
            "service_endpoints": null,
            "timeouts": null,
            "virtual_network_name": "CMC-ECA01-PREP-VNET"
          },
          "sensitive_attributes": [],
          "private": "eyJlMmJmYjczMC1lY2FhLTExZTYtOGY4OC0zNDM2M2JjN2M0YzAiOnsiY3JlYXRlIjoxODAwMDAwMDAwMDAwLCJkZWxldGUiOjE4MDAwMDAwMDAwMDAsInJlYWQiOjMwMDAwMDAwMDAwMCwidXBkYXRlIjoxODAwMDAwMDAwMDAwfX0=",
          "dependencies": [
            "azurerm_resource_group.rg",
            "azurerm_virtual_network.vnet"
          ]
        }
      ]
    },
    {
      "mode": "managed",
      "type": "azurerm_subnet_network_security_group_association",
      "name": "nsgass",
      "provider": "provider[\"registry.terraform.io/hashicorp/azurerm\"]",
      "instances": [
        {
          "schema_version": 0,
          "attributes": {
            "id": "/subscriptions/c90e3d0d-7080-4628-b93b-0107fa7a76e7/resourceGroups/CMC-ECA01-PREP-csql-rg/providers/Microsoft.Network/virtualNetworks/CMC-ECA01-PREP-VNET/subnets/CMC-ECA01-PREP-SNET",
            "network_security_group_id": "/subscriptions/c90e3d0d-7080-4628-b93b-0107fa7a76e7/resourceGroups/CMC-ECA01-PREP-csql-rg/providers/Microsoft.Network/networkSecurityGroups/CMC-ECA01-PREP-NSG",
            "subnet_id": "/subscriptions/c90e3d0d-7080-4628-b93b-0107fa7a76e7/resourceGroups/CMC-ECA01-PREP-csql-rg/providers/Microsoft.Network/virtualNetworks/CMC-ECA01-PREP-VNET/subnets/CMC-ECA01-PREP-SNET",
            "timeouts": null
          },
          "sensitive_attributes": [],
          "private": "eyJlMmJmYjczMC1lY2FhLTExZTYtOGY4OC0zNDM2M2JjN2M0YzAiOnsiY3JlYXRlIjoxODAwMDAwMDAwMDAwLCJkZWxldGUiOjE4MDAwMDAwMDAwMDAsInJlYWQiOjMwMDAwMDAwMDAwMCwidXBkYXRlIjoxODAwMDAwMDAwMDAwfX0=",
          "dependencies": [
            "azurerm_network_security_group.nsg",
            "azurerm_resource_group.rg",
            "azurerm_subnet.subnet",
            "azurerm_virtual_network.vnet"
          ]
        }
      ]
    },
    {
      "mode": "managed",
      "type": "azurerm_virtual_network",
      "name": "vnet",
      "provider": "provider[\"registry.terraform.io/hashicorp/azurerm\"]",
      "instances": [
        {
          "schema_version": 0,
          "attributes": {
            "address_space": [
              "10.2.0.0/16"
            ],
            "bgp_community": "",
            "ddos_protection_plan": [],
            "dns_servers": null,
            "guid": "315fce28-9da7-4033-ae6d-5c095c7a0786",
            "id": "/subscriptions/c90e3d0d-7080-4628-b93b-0107fa7a76e7/resourceGroups/CMC-ECA01-PREP-csql-rg/providers/Microsoft.Network/virtualNetworks/CMC-ECA01-PREP-VNET",
            "location": "eastus",
            "name": "CMC-ECA01-PREP-VNET",
            "resource_group_name": "CMC-ECA01-PREP-csql-rg",
            "subnet": [],
            "tags": null,
            "timeouts": null,
            "vm_protection_enabled": false
          },
          "sensitive_attributes": [],
          "private": "eyJlMmJmYjczMC1lY2FhLTExZTYtOGY4OC0zNDM2M2JjN2M0YzAiOnsiY3JlYXRlIjoxODAwMDAwMDAwMDAwLCJkZWxldGUiOjE4MDAwMDAwMDAwMDAsInJlYWQiOjMwMDAwMDAwMDAwMCwidXBkYXRlIjoxODAwMDAwMDAwMDAwfX0=",
          "dependencies": [
            "azurerm_resource_group.rg"
          ]
        }
      ]
    }
  ]
}
